# This file is generated by running "yarn install" inside your project.
# Manual changes might be lost - proceed with caution!

__metadata:
  version: 4

"@babel/code-frame@npm:^7.0.0":
  version: 7.5.5
  resolution: "@babel/code-frame@npm:7.5.5"
  dependencies:
    "@babel/highlight": ^7.0.0
  checksum: 551cba5f44acd781f3dd96ce52c7477130ab30364d67cf738a6b35917bde64300b9be8efad1c068405ad7bd92197647214df5292cf8b51272af9fab59141ccc0
  languageName: node
  linkType: hard

"@babel/highlight@npm:^7.0.0":
  version: 7.5.0
  resolution: "@babel/highlight@npm:7.5.0"
  dependencies:
    chalk: ^2.0.0
    esutils: ^2.0.2
    js-tokens: ^4.0.0
  checksum: 243061e70d8788a4379bc07ce546beca8c58aa789c2bee4e2147700df0ed89ae475cc634ebe4071f0bdabbaa56f8bc9b2b35158ce8a9dc45241db8e89c311aa6
  languageName: node
  linkType: hard

"@cryb/portal@workspace:.":
  version: 0.0.0-use.local
  resolution: "@cryb/portal@workspace:."
  dependencies:
    "@types/fluent-ffmpeg": ^2.1.11
    "@types/jsonwebtoken": ^8.3.5
    "@types/keysym": ^0.0.1
    "@types/node": ^12.11.1
    "@types/ws": ^6.0.3
    "@types/yargs": ^13.0.3
    dotenv: ^8.2.0
    jsonwebtoken: ^8.5.1
    keysym: ^0.0.6
    node-pre-gyp: ^0.13.0
    tsc-watch: ^4.0.0
    tslint: ^5.20.1
    typescript: ^3.6.4
    ws: ^7.2.0
    yargs: ^14.2.0
  languageName: unknown
  linkType: soft

"@types/fluent-ffmpeg@npm:^2.1.11":
  version: 2.1.11
  resolution: "@types/fluent-ffmpeg@npm:2.1.11"
  dependencies:
    "@types/node": "*"
  checksum: e1accc4dfa1eedc43ee22c82b16e4eb95c0e7167bc29290e3275658f99bde7e8e7d907f447626a6f41a184f43c42d3db86e1336e39ead40ff53e8f0f15b0c23e
  languageName: node
  linkType: hard

"@types/jsonwebtoken@npm:^8.3.5":
  version: 8.3.5
  resolution: "@types/jsonwebtoken@npm:8.3.5"
  dependencies:
    "@types/node": "*"
  checksum: f1ad6192762101c0e2a75826060f5a69339bb779790aeb62b04e0bd3359cf014e6e5bc03685c7b4cc0fc17348d486a16f27e3849cb86ff401bc31f6ad0bd9613
  languageName: node
  linkType: hard

"@types/keysym@npm:^0.0.1":
  version: 0.0.1
  resolution: "@types/keysym@npm:0.0.1"
  checksum: 7337fa6b7cfa5160a862c4ba4de80e1ec268851a475bcab133e4b32525eb90c7c5ca11f4d41e6fcf3729a7f85ab4fda63ecdbc1b1c8a53adf8a3f6adf8c07141
  languageName: node
  linkType: hard

"@types/node@npm:*, @types/node@npm:^12.11.1":
  version: 12.11.1
  resolution: "@types/node@npm:12.11.1"
  checksum: 85d28f055441463e770a951912a12dbe0efe5f1eadfc0a1f2b9490cbec73d997aaaa56b47e9792e2b077f2756c772e281287f79811f010d9b4f984837a51b9d6
  languageName: node
  linkType: hard

"@types/ws@npm:^6.0.3":
  version: 6.0.3
  resolution: "@types/ws@npm:6.0.3"
  dependencies:
    "@types/node": "*"
  checksum: 649fb8c1781d41ad3731e4afdd1dcc67c5eb430da56020dcb9bd2edf738d4895a132173e69c75527d29665353ea388075e644ad0ee457aaabf6366d1c2ee5843
  languageName: node
  linkType: hard

"@types/yargs-parser@npm:*":
  version: 13.0.0
  resolution: "@types/yargs-parser@npm:13.0.0"
  checksum: d30a43334d5c260f10cb6f3b5954a7e55a771b4f40a91e0f1f062dfda00a0e461e50d266fdd71570b96a6734287df9699ee9b51e8691d9d71c8b9d5fbdb6b420
  languageName: node
  linkType: hard

"@types/yargs@npm:^13.0.3":
  version: 13.0.3
  resolution: "@types/yargs@npm:13.0.3"
  dependencies:
    "@types/yargs-parser": "*"
  checksum: 9fc9e5d79a390a29ecb70722db88b81ccbc7f5296618a61beb0f047f27870e0f70566e849de7625f1a0285f8973deb8f455c9b101d19bcfe4d23427506127355
  languageName: node
  linkType: hard

"abbrev@npm:1":
  version: 1.1.1
  resolution: "abbrev@npm:1.1.1"
  checksum: f832fdb07dcece6f089ead093b52bd408d60ceb3ddee665ba9806461998f0e897d61d8e7e12e0b787a9954c8f1f2c32280ebc59c60a477e8919527d66afd16e5
  languageName: node
  linkType: hard

"ansi-regex@npm:^2.0.0":
  version: 2.1.1
  resolution: "ansi-regex@npm:2.1.1"
  checksum: 166a4be3a94bbab82de8cc32f3833f14b3648e3274c081a1ba76ed4e6c9d9a7453ae93867518625c8a23dbb585a4a9ef424be122bb1300fc152e8e26027f0740
  languageName: node
  linkType: hard

"ansi-regex@npm:^3.0.0":
  version: 3.0.0
  resolution: "ansi-regex@npm:3.0.0"
  checksum: 8bb91d5a72509b4930774afcbb086c6dda4c31c5557a89ff6b29dddb7830204b7835e7e035970652a2e7b8ace0f06001890a1d826b330c731715387db959004e
  languageName: node
  linkType: hard

"ansi-regex@npm:^4.1.0":
  version: 4.1.0
  resolution: "ansi-regex@npm:4.1.0"
  checksum: 9de38b55c876c42f26000de67fc4c8735998f79679ba93bda3854a9cbcf27abfcb2c4e2041125497ceabdb75f3a9147a40471de5e33b4dcff2125513b6d94d32
  languageName: node
  linkType: hard

"ansi-styles@npm:^3.2.0, ansi-styles@npm:^3.2.1":
  version: 3.2.1
  resolution: "ansi-styles@npm:3.2.1"
  dependencies:
    color-convert: ^1.9.0
  checksum: 6f99bc6ac278aa5c51543d30aeaeab2b6c3de468d1a23504c1e818283680d0f310bb49a59162bc1b0b81e9b5f2dfa60326791a02b82e5d7cf6803e5b922ea142
  languageName: node
  linkType: hard

"aproba@npm:^1.0.3":
  version: 1.2.0
  resolution: "aproba@npm:1.2.0"
  checksum: 9a0d0dc1b83830baec519922e07e2efdd065b3ec7c8920e61bfcf463b612d07b4e516cfbcbca6ade7f6f99489fd90334b8b34e4d0f8c6e1933f5c2780e7c7e53
  languageName: node
  linkType: hard

"are-we-there-yet@npm:~1.1.2":
  version: 1.1.5
  resolution: "are-we-there-yet@npm:1.1.5"
  dependencies:
    delegates: ^1.0.0
    readable-stream: ^2.0.6
  checksum: 2a7fc37e2d7e82c862a72bc8946d8fcdb34b07593429b484b71c11aaf4aa47e8ed970c11655f386f223640a5984be20c66b80e14887ccfd11d8ecf780e118b09
  languageName: node
  linkType: hard

"argparse@npm:^1.0.7":
  version: 1.0.10
  resolution: "argparse@npm:1.0.10"
  dependencies:
    sprintf-js: ~1.0.2
  checksum: f0b382b138049618e7958f6345a52b33e673e7ca6baa7c4efa758938a4b586e40467cc198a8b3fda9a8f627078fb46bfe5933fc507d5a07a75d2145e706466d3
  languageName: node
  linkType: hard

"async-limiter@npm:^1.0.0":
  version: 1.0.1
  resolution: "async-limiter@npm:1.0.1"
  checksum: 31ed8a2681eb3bf62151f91ac4ba3c9e7f474c39120ed6a50661635687b911e2d02797bc2304f1a68f7abee83bec30196ea012058a80c6179091afa1c8efc595
  languageName: node
  linkType: hard

"balanced-match@npm:^1.0.0":
  version: 1.0.0
  resolution: "balanced-match@npm:1.0.0"
  checksum: 6a1a4021cc9cb35182852582ed42470041430842bbc9d3dfad9536fca203281e4bc6316a017a0b876df0acb8d0d83daa22d5c6483108869c0895582525af9f60
  languageName: node
  linkType: hard

"brace-expansion@npm:^1.1.7":
  version: 1.1.11
  resolution: "brace-expansion@npm:1.1.11"
  dependencies:
    balanced-match: ^1.0.0
    concat-map: 0.0.1
  checksum: 6bf044764309bad6d15c6eabc39e93701643b00192439251afe8b4e0c08f941b840f3c8844b163fc307111459121712fb74e40073ddffb0358f8a640f14ba7b1
  languageName: node
  linkType: hard

"buffer-equal-constant-time@npm:1.0.1":
  version: 1.0.1
  resolution: "buffer-equal-constant-time@npm:1.0.1"
  checksum: a207a4bee989c155049a81848a9ad9354a507b288680829193ebf5882c07e867912a990cf2674fd0340328b8031c1023e82768faa1791f968a01cb151a6516bd
  languageName: node
  linkType: hard

"builtin-modules@npm:^1.1.1":
  version: 1.1.1
  resolution: "builtin-modules@npm:1.1.1"
  checksum: ea05c1b6f4a8099f7cd5b194ceee2ea9685f7bd04b3b65b7896947c91321573d05140363f4f7ee4cb84ecdbe48daee27510cbf6d25fb0886764f4c3f24f9892b
  languageName: node
  linkType: hard

"camelcase@npm:^5.0.0":
  version: 5.3.1
  resolution: "camelcase@npm:5.3.1"
  checksum: 58f271afe62d5396a5a2d28cbbeb3520732763d3c005e295225d48a58408d44575bf92475cd828f597790725f1be43aa08e623b65bdffb5619f16fb402773bb6
  languageName: node
  linkType: hard

"chalk@npm:^2.0.0, chalk@npm:^2.3.0":
  version: 2.4.2
  resolution: "chalk@npm:2.4.2"
  dependencies:
    ansi-styles: ^3.2.1
    escape-string-regexp: ^1.0.5
    supports-color: ^5.3.0
  checksum: 06d1d94779a0e08fe03ef15676ae30e973d7269017d3b1e6d06a3bb81e70a3a6b0c26d5743e94b4dfc21a852884306759b8b8c4fe98d72204ed678413beb21f3
  languageName: node
  linkType: hard

"chownr@npm:^1.1.1":
  version: 1.1.2
  resolution: "chownr@npm:1.1.2"
  checksum: 2128d98384c58a47c74baeb8b3d5cf3aad02d8c0cd0bde1296041e011206f40ebf961fd66539ddd1e88742e174adcde24fc358ed250b6f8bded9549af447a9f4
  languageName: node
  linkType: hard

"cliui@npm:^5.0.0":
  version: 5.0.0
  resolution: "cliui@npm:5.0.0"
  dependencies:
    string-width: ^3.1.0
    strip-ansi: ^5.2.0
    wrap-ansi: ^5.1.0
  checksum: 53f2f93ae1e7958e85737535759ad05b5b558b21d596c778b7c3728c8bab4ded78938553cf57a8d808b2ea9d0b62009ba2dfadd5ee79c8c08025241a34ce130d
  languageName: node
  linkType: hard

"code-point-at@npm:^1.0.0":
  version: 1.1.0
  resolution: "code-point-at@npm:1.1.0"
  checksum: c0a50074d39d0051356938df5ffd5e2c1cb3e054fc883bfbec32e48a6ee6630db0aa8cc1cc86482b255abefa38140ae72542dd8fa6af8d946a618a17c0e00f55
  languageName: node
  linkType: hard

"color-convert@npm:^1.9.0":
  version: 1.9.3
  resolution: "color-convert@npm:1.9.3"
  dependencies:
    color-name: 1.1.3
  checksum: 3162a5f034dea55c0ebb3a152e1b8cdf926a9bbada4f6c5eefd7b750810edc019dade72285f669d738cfb07375e17ba2171d22475ab85652b8b7dcf1cf0cc6f1
  languageName: node
  linkType: hard

"color-name@npm:1.1.3":
  version: 1.1.3
  resolution: "color-name@npm:1.1.3"
  checksum: ad6a0e4beb3232906aeba6213234071ca26f463ac748feb897725cbd0f420a0e71962f9627566afc4716e63455f88a35641342302b8d130402cbbea8f6bf8e1e
  languageName: node
  linkType: hard

"commander@npm:^2.12.1":
  version: 2.20.3
  resolution: "commander@npm:2.20.3"
  checksum: eae98d97c0a3a59096be01418e7d882978bbc0c9b8921db75e9907a738dd764ecca833950a883fa1a81d9149e7492bc65af0adaef17f5b112558c176089062bd
  languageName: node
  linkType: hard

"concat-map@npm:0.0.1":
  version: 0.0.1
  resolution: "concat-map@npm:0.0.1"
  checksum: b295d07d6ac4f0e3fe511fce7ac74c5f6583e67bace249c32c6b2baa44b2c6220c7c177c9e44954485f37b7e7ec6a6a231447b62137d0fb56b44a7e871ac33e3
  languageName: node
  linkType: hard

"console-control-strings@npm:^1.0.0, console-control-strings@npm:~1.1.0":
  version: 1.1.0
  resolution: "console-control-strings@npm:1.1.0"
  checksum: 7a3fee932f3d7bfa3b3d465c81dea0a7e20c682b092d27e0726d6a1025f88f8a6111e6a44589ca9e17a8e5f24bea3dae3c7423d432739bd0a6488e5134a9e06f
  languageName: node
  linkType: hard

"core-util-is@npm:~1.0.0":
  version: 1.0.2
  resolution: "core-util-is@npm:1.0.2"
  checksum: b2aeb723279455a85125383b7067e66d650187adee4151b6587bc28d8334c9d5ebbc6e4bd6c344355191865e1add46fdec83f2a7f4d83889cfe7e586d9fd50b6
  languageName: node
  linkType: hard

"cross-spawn@npm:^5.1.0":
  version: 5.1.0
  resolution: "cross-spawn@npm:5.1.0"
  dependencies:
    lru-cache: ^4.0.1
    shebang-command: ^1.2.0
    which: ^1.2.9
  checksum: 86ed15a14b2c256004f2545d95ccdbeeec1017314b83ca39100f19b99ba29ca10f8fc03fcff93db749c20aec923aba498635dc8898c0a96cd15baa7dafc98898
  languageName: node
  linkType: hard

"debug@npm:^3.2.6":
  version: 3.2.6
  resolution: "debug@npm:3.2.6"
  dependencies:
    ms: ^2.1.1
  checksum: 09e1c273a1a77137b2fd2fa1ea072678344642991b947cdd694d6f93c4b0dc21bfbd37eb647305fdf18520d190dd3263b3d44a8e3275b72f365b9bb4060556d5
  languageName: node
  linkType: hard

"decamelize@npm:^1.2.0":
  version: 1.2.0
  resolution: "decamelize@npm:1.2.0"
  checksum: b4f9874e4777db39289cfe0d34d079df9531b10b50290ec8443e342faa840abbd1e7003ea0d735e03ea143d0bb34151afcb3711e7bc02fdcf19fe002683699ba
  languageName: node
  linkType: hard

"deep-extend@npm:^0.6.0":
  version: 0.6.0
  resolution: "deep-extend@npm:0.6.0"
  checksum: aaaa1df6d11d65480f056a07a2c1277fa9dddb4be35bd4e941a0bf4bb72c81f89465300423783b1bcde6b82b7995cc148b5ba025eefd90019d027dd88fbef30e
  languageName: node
  linkType: hard

"delegates@npm:^1.0.0":
  version: 1.0.0
  resolution: "delegates@npm:1.0.0"
  checksum: 66086ba7ccb4ca82f3318d8af33cd283265cefa758a5d9385ec3fd5ce5ebed55ec7db662ab15955a7a9ecedaa9e6c2ccabeb88efae1a3c7d30cf2659b2a5c0a1
  languageName: node
  linkType: hard

"detect-libc@npm:^1.0.2":
  version: 1.0.3
  resolution: "detect-libc@npm:1.0.3"
  bin:
    detect-libc: ./bin/detect-libc.js
  checksum: c1f0d9ae0ac0f0b558ffee547a51dc4de58e154e2a68faf1fa3c8a20dc37741b2a339a9fcc0c0601e70afa6640b45008561e9d3adbc79fa357a388b76ca44cf6
  languageName: node
  linkType: hard

"diff@npm:^4.0.1":
  version: 4.0.1
  resolution: "diff@npm:4.0.1"
  checksum: da6198d424409f23d4ba822c783319543007fb74f8fc27d9e3581d099ac5f09f1e3ff8065cf2912dc5de589664c7ff2ea1e015f1b033c5e98ea0e9d2f0d9bbad
  languageName: node
  linkType: hard

"dotenv@npm:^8.2.0":
  version: 8.2.0
  resolution: "dotenv@npm:8.2.0"
  checksum: 552d2c06ec0eee57b98c298105556041e4fd8ad985b34a73173a197e722478cd9bdaad2f98d80f3a227a414e2f4e6d4a2121b400a044e0690be1832c546dea55
  languageName: node
  linkType: hard

"duplexer@npm:~0.1.1":
  version: 0.1.1
  resolution: "duplexer@npm:0.1.1"
  checksum: 12fedc287117b2a6f1ac1c0b94c9f98b40300a6e7c69be1b63b544c00798a0eea56c3cb7ba56c4e7f08cd4cfedc328b04a381a74a866e859c47ef9a12b2b153d
  languageName: node
  linkType: hard

"ecdsa-sig-formatter@npm:1.0.11":
  version: 1.0.11
  resolution: "ecdsa-sig-formatter@npm:1.0.11"
  dependencies:
    safe-buffer: ^5.0.1
  checksum: 12bd439cfa0d1a046a74db627f0ebfdc1c076907a057be4bf1c650476a4545c21f8c6b9d1d4f20508306d8507d6ff2d966b2aad82c547f8de694e9c73886e9e0
  languageName: node
  linkType: hard

"emoji-regex@npm:^7.0.1":
  version: 7.0.3
  resolution: "emoji-regex@npm:7.0.3"
  checksum: b0fd6fa82f291d60c4841e9ca6812a55ce44ceb8540e42a7641a989f4d8fa0d879de7033eaadbb725d92b9163e97a41fea657498dcf4ca97ea6d70df107ce9c0
  languageName: node
  linkType: hard

"escape-string-regexp@npm:^1.0.5":
  version: 1.0.5
  resolution: "escape-string-regexp@npm:1.0.5"
  checksum: 31da9adff9694f7b63c0542462267656e1d4dcac66a91551781d1ad2554d6641685ff812acc717cd467676af57be458a466d34b086e900354b38dde8724c8046
  languageName: node
  linkType: hard

"esprima@npm:^4.0.0":
  version: 4.0.1
  resolution: "esprima@npm:4.0.1"
  bin:
    esparse: ./bin/esparse.js
    esvalidate: ./bin/esvalidate.js
  checksum: a9bec67e9a3dfccc29a2d54c65a3210129668b3eeae7fe296145bc564c963c4d1d7be101dd13fbe65000414ac07f35bd2f85ac9d3254016e5a2f3aa13d18caf1
  languageName: node
  linkType: hard

"esutils@npm:^2.0.2":
  version: 2.0.3
  resolution: "esutils@npm:2.0.3"
  checksum: 03ee97b57d062884ec31397f1d771ad999b56abd56d1fff56b29f8c61ccabde47adb36e3eaa357318de085252fda2cbc8f82c60fd07b2fd02e2e1c6c3e689052
  languageName: node
  linkType: hard

"event-stream@npm:=3.3.4":
  version: 3.3.4
  resolution: "event-stream@npm:3.3.4"
  dependencies:
    duplexer: ~0.1.1
    from: ~0
    map-stream: ~0.1.0
    pause-stream: 0.0.11
    split: 0.3
    stream-combiner: ~0.0.4
    through: ~2.3.1
  checksum: 0071e9e3c99a88db8c90886ac1fff8444ca6794e81c9efd9d909ad40b1577cfa72b1e453bfb8292b768ff4bfdcb331036b9f664dc2520b16cdb29c27d581f638
  languageName: node
  linkType: hard

"find-up@npm:^3.0.0":
  version: 3.0.0
  resolution: "find-up@npm:3.0.0"
  dependencies:
    locate-path: ^3.0.0
  checksum: a58b85fac6dd65a13f873a2313d955b8d520396122a8b0bc4a5010eb5d6f71036222169b9fa9914d2a62360f6b9943c5c6e0dbf1139d8130230b33785e7b86c2
  languageName: node
  linkType: hard

"from@npm:~0":
  version: 0.1.7
  resolution: "from@npm:0.1.7"
  checksum: 0ba750358d679d101a901f9d3ec9adc6150880b22fdd45710fcd9d8df2bf8321e65bff51f42cc53c6ddc5401efc9050dba722d429dd01c839e1cc9ea447ffea2
  languageName: node
  linkType: hard

"fs-minipass@npm:^1.2.5":
  version: 1.2.6
  resolution: "fs-minipass@npm:1.2.6"
  dependencies:
    minipass: ^2.2.1
  checksum: ac5be4427e74d4d932ad150623c53beff3c17dd3bc05d1f0ee1fb3864451b7ab1b066517f246b481a6a4e52d564952a4b327f9464af2d75fc58194e34d97ad5d
  languageName: node
  linkType: hard

"fs.realpath@npm:^1.0.0":
  version: 1.0.0
  resolution: "fs.realpath@npm:1.0.0"
  checksum: 7838256cafb93ee7a40754e7fdcae9c6e57b12528e22ae51a10bc6161ad6a647931dd99aa95ddf3a4ce8501766f78e57a56ed010043dddf8dddb4ad5af616acb
  languageName: node
  linkType: hard

"gauge@npm:~2.7.3":
  version: 2.7.4
  resolution: "gauge@npm:2.7.4"
  dependencies:
    aproba: ^1.0.3
    console-control-strings: ^1.0.0
    has-unicode: ^2.0.0
    object-assign: ^4.1.0
    signal-exit: ^3.0.0
    string-width: ^1.0.1
    strip-ansi: ^3.0.1
    wide-align: ^1.1.0
  checksum: 0e97d66257a39635753778e4788e05423cb5b47fbb3ae3b4523d13c71bb13701a442a58efd826a597bb7993b0f97efcbd98c59458a6e9e58c34ea7f66e4cc01e
  languageName: node
  linkType: hard

"get-caller-file@npm:^2.0.1":
  version: 2.0.5
  resolution: "get-caller-file@npm:2.0.5"
  checksum: 34fbf61ee9adc7504115743a19829427885d5d5713bd31c86f3a5839362925e3b579d61cf3e30250fad9ed16d02d957d8dfc0a13f7111f5b1f763d35c6f0a1a8
  languageName: node
  linkType: hard

"glob@npm:^7.1.1":
  version: 7.1.6
  resolution: "glob@npm:7.1.6"
  dependencies:
    fs.realpath: ^1.0.0
    inflight: ^1.0.4
    inherits: 2
    minimatch: ^3.0.4
    once: ^1.3.0
    path-is-absolute: ^1.0.0
  checksum: 1e4476a9b7a81eec0bcfee78de4c27a40d2bde349eb04a63c58636acf8dc5ad8c68bc47c841bf7de5fde22696b1d2a737ada65e66c2359a0b3195fafc1316814
  languageName: node
  linkType: hard

"glob@npm:^7.1.3":
  version: 7.1.4
  resolution: "glob@npm:7.1.4"
  dependencies:
    fs.realpath: ^1.0.0
    inflight: ^1.0.4
    inherits: 2
    minimatch: ^3.0.4
    once: ^1.3.0
    path-is-absolute: ^1.0.0
  checksum: c36b34c04efa6db9b8031c4e36c98d191464b36b860559fce3f28bf0cf0f7a2a2adfd350427a95b44e5d80011cbbf5301a7ad058fb65fdc338f368cbf0ed4679
  languageName: node
  linkType: hard

"has-flag@npm:^3.0.0":
  version: 3.0.0
  resolution: "has-flag@npm:3.0.0"
  checksum: c69624d2a38d77d4d715b40932cd55635426d75c7c0e72a609a67b4d251905517ca6d1ff6f69ee3b0cfa95a39b31e25af9e3fe04f46b092699ea5f26371d14ab
  languageName: node
  linkType: hard

"has-unicode@npm:^2.0.0":
  version: 2.0.1
  resolution: "has-unicode@npm:2.0.1"
  checksum: 5ffb744ca53591cd4a4c79ac2673ba0481dbcaf5ab1dfbab584a048a6333089ff702b02d606cdb11f776748e3062b018f31b9be136ee3368568f1413262d4b58
  languageName: node
  linkType: hard

"iconv-lite@npm:^0.4.4":
  version: 0.4.24
  resolution: "iconv-lite@npm:0.4.24"
  dependencies:
    safer-buffer: ">= 2.1.2 < 3"
  checksum: c6a428001a93cc0b3680fed2301685f9a136df1a48b5bd06093d11005460c76c96b2ff7a7dc46444c24da6a64620a0c8297ae2ae4012a32fa31408c9411b8179
  languageName: node
  linkType: hard

"ignore-walk@npm:^3.0.1":
  version: 3.0.1
  resolution: "ignore-walk@npm:3.0.1"
  dependencies:
    minimatch: ^3.0.4
  checksum: 958ae968ca9e534d973f89cc58291bcc9184d4b4b46c2ca1fc151050ff0d93c430fb2e2206f9e5047a6b6fe3dc4f103307bf1f07ddd70d57ab202c63bc6add16
  languageName: node
  linkType: hard

"inflight@npm:^1.0.4":
  version: 1.0.6
  resolution: "inflight@npm:1.0.6"
  dependencies:
    once: ^1.3.0
    wrappy: 1
  checksum: 4ae4f2a43120647487d1650aaecd81044692397040d46d38257c349f142889be56ffb23f599c09dadc4287baeb4f3381e304e7eef111d7c7fec00def06111c4c
  languageName: node
  linkType: hard

"inherits@npm:2, inherits@npm:~2.0.3":
  version: 2.0.4
  resolution: "inherits@npm:2.0.4"
  checksum: d11734fde3095ce63e83a4be33779c8597b0c95edec3efcadf9a78a9312a520028e25acb2d126656005791550f9f2e17de3ea6abeb026fa24627401e5e174d6c
  languageName: node
  linkType: hard

"ini@npm:~1.3.0":
  version: 1.3.5
  resolution: "ini@npm:1.3.5"
  checksum: 17073c00b99107e03e7592fa8c9aa24894cccf9635162641899191e67c057ad8e42760ccfc0b009de084c82aaa09ccaa455f8275a2cccdd75815da894d9eb9c2
  languageName: node
  linkType: hard

"is-fullwidth-code-point@npm:^1.0.0":
  version: 1.0.0
  resolution: "is-fullwidth-code-point@npm:1.0.0"
  dependencies:
    number-is-nan: ^1.0.0
  checksum: 7e50f3c2e21617a7dde049a2cfecd22cd85c57f3a05a8a216785c4196926867a6dd85ff6d035cc3f1210853edd01f01a480aa4ce183d73c4cccc1b396e4fbea4
  languageName: node
  linkType: hard

"is-fullwidth-code-point@npm:^2.0.0":
  version: 2.0.0
  resolution: "is-fullwidth-code-point@npm:2.0.0"
  checksum: ab96662efbb49a1e33dd59bdf1451e913c69bf407daae26e2ad6f64458bcbb1b5d5a91b1d95c690540da00f7183e53d7a0b81b9d494073e85e7bd75410a6f358
  languageName: node
  linkType: hard

"isarray@npm:~1.0.0":
  version: 1.0.0
  resolution: "isarray@npm:1.0.0"
  checksum: f82bc93a43f4344cbbab83bc40645f211e14ba2e1b696c75de07a6a6a16e6dc2bd45b60be0a4eedff281bbd7ca2de18801687d529470d3583cc39c432a9bd208
  languageName: node
  linkType: hard

"isexe@npm:^2.0.0":
  version: 2.0.0
  resolution: "isexe@npm:2.0.0"
  checksum: 1f6f7ccf6206a544097e27f04018fbd4fdb45d71eadac305d4b60cc18668d35c970d3c0bfadc4b348dd603d5536496a5634dd5f64792ea5e745c62cbc0ce9730
  languageName: node
  linkType: hard

"js-tokens@npm:^4.0.0":
  version: 4.0.0
  resolution: "js-tokens@npm:4.0.0"
  checksum: b6b6b65a47500e55103e5ed962133b9c999dd14f00c49494b109e0379482d030ae0db629b870af4f9023991b21a3055749653fb836736f9c2a76046399e8d84a
  languageName: node
  linkType: hard

"js-yaml@npm:^3.13.1":
  version: 3.13.1
  resolution: "js-yaml@npm:3.13.1"
  dependencies:
    argparse: ^1.0.7
    esprima: ^4.0.0
  bin:
    js-yaml: bin/js-yaml.js
  checksum: 4860a95f2baf230cda4bb5f3fc06e7bb504324f75732c683d625cfeb987686b40bb68ad838960ad6e39d152e790d75dba380c31032757968c75a1eeecdec8b63
  languageName: node
  linkType: hard

"jsonwebtoken@npm:^8.5.1":
  version: 8.5.1
  resolution: "jsonwebtoken@npm:8.5.1"
  dependencies:
    jws: ^3.2.2
    lodash.includes: ^4.3.0
    lodash.isboolean: ^3.0.3
    lodash.isinteger: ^4.0.4
    lodash.isnumber: ^3.0.3
    lodash.isplainobject: ^4.0.6
    lodash.isstring: ^4.0.1
    lodash.once: ^4.0.0
    ms: ^2.1.1
    semver: ^5.6.0
  checksum: 480de5afd902d36a91c10e414bb452fd708f42357ee28ef910e058a1ee4518a68d510ab576fcc77eb1b360b8b9b83b18e300e2c39adb0d5677d7fc4bb2b36b42
  languageName: node
  linkType: hard

"jwa@npm:^1.4.1":
  version: 1.4.1
  resolution: "jwa@npm:1.4.1"
  dependencies:
    buffer-equal-constant-time: 1.0.1
    ecdsa-sig-formatter: 1.0.11
    safe-buffer: ^5.0.1
  checksum: ab22f46ac3640c5ef44ae46d9083c0a6c44e738eea2ca3da884f6c5db2ea2d31eafa11bef87e24218e082189b128580147960a087fafd68d283225cfa3667a5c
  languageName: node
  linkType: hard

"jws@npm:^3.2.2":
  version: 3.2.2
  resolution: "jws@npm:3.2.2"
  dependencies:
    jwa: ^1.4.1
    safe-buffer: ^5.0.1
  checksum: 3b885c37300e617c01f832fe5ab7025f15a4eb96d989d4a7eb1542372b950b2ff9a15fe06007b375bc856b5fd7a975862003349f496805b68f4ffbafba025c93
  languageName: node
  linkType: hard

"keysym@npm:^0.0.6":
  version: 0.0.6
  resolution: "keysym@npm:0.0.6"
  checksum: 132fcc45a1870956130533757c3af9b0c3694600d893baa6f9260760a20ef36df597e0a4b6c5f55024af1671ca0d7fb841b90a954c16255d87c37aa7318951de
  languageName: node
  linkType: hard

"locate-path@npm:^3.0.0":
  version: 3.0.0
  resolution: "locate-path@npm:3.0.0"
  dependencies:
    p-locate: ^3.0.0
    path-exists: ^3.0.0
  checksum: 4f89906f2841b7a2f49842958ac794bb928623dadd07fb857ad63f55afc0133aed754f1d059d881265bd4ca2f6ff89ff77889c290212029f0bc5611a6f1a3dfb
  languageName: node
  linkType: hard

"lodash.includes@npm:^4.3.0":
  version: 4.3.0
  resolution: "lodash.includes@npm:4.3.0"
  checksum: ba7b1791848573a50c358b5a9fde506fe2741f38ebf327c0d2508b7656f1d19aaf960b3a26b3f69b63c6883b4b8e52737e3eb7e7dc86ab72868d5fc764875934
  languageName: node
  linkType: hard

"lodash.isboolean@npm:^3.0.3":
  version: 3.0.3
  resolution: "lodash.isboolean@npm:3.0.3"
  checksum: bb15276ddbc2cd0901b27c4cdb64483c03c4b2b1eac64aef23a8405fdfe4a7702960eb019d08423abad6a023bde0eef9db60712478fdb7e8bf46adefe27fe010
  languageName: node
  linkType: hard

"lodash.isinteger@npm:^4.0.4":
  version: 4.0.4
  resolution: "lodash.isinteger@npm:4.0.4"
  checksum: 7ff0e7ca9542d5188dc43560abad8e4e63078d0c51f83c010fed59e100d7094a2b49b7cb51162746f1127d2048d42dc804d2ad83afaf5bd3e6657f7d46c25deb
  languageName: node
  linkType: hard

"lodash.isnumber@npm:^3.0.3":
  version: 3.0.3
  resolution: "lodash.isnumber@npm:3.0.3"
  checksum: e55dd2a5f19cb8da38088e1cc6645093a2d7b50e8736b6730d9eda24961f7ab1ab6cb3a4e63acb760facbbcd2966b4eb7b3b59359549d73172af0c3abc6996eb
  languageName: node
  linkType: hard

"lodash.isplainobject@npm:^4.0.6":
  version: 4.0.6
  resolution: "lodash.isplainobject@npm:4.0.6"
  checksum: ef83a00aa56abb2f8d4f4b96571f7b3dd030df291299f3cfae80b89b69c89eb07635a1a3343f4ec145e4a59a3e1677d6140d82d518c10fd0d2e991107faf106e
  languageName: node
  linkType: hard

"lodash.isstring@npm:^4.0.1":
  version: 4.0.1
  resolution: "lodash.isstring@npm:4.0.1"
  checksum: b56afd63a0918c2a2eb44b51a741fbec9d99e77a9dcecb1b109d3841ef40e20f74cc63d5cd764743135f202189132ad2005b09b8bb9baf8a1d8b8662134a502f
  languageName: node
  linkType: hard

"lodash.once@npm:^4.0.0":
  version: 4.1.1
  resolution: "lodash.once@npm:4.1.1"
  checksum: f3241d42213d761c952eb53662b6d78cffa476387311ac753a006ece3c4e15af295751df055573a507226a7e8e966255872843b4723256398ea351568ba1ed95
  languageName: node
  linkType: hard

"lru-cache@npm:^4.0.1":
  version: 4.1.5
  resolution: "lru-cache@npm:4.1.5"
  dependencies:
    pseudomap: ^1.0.2
    yallist: ^2.1.2
  checksum: 93a0c9e2fdd8c58e4d952598217d77b221c9f3fcd8945fcc6a1107727421b0ee2ec15f2e0bb2e68829ad05362ed0ef01f1f0e1bf8e07499ccb26e3e10956cd4d
  languageName: node
  linkType: hard

"map-stream@npm:~0.1.0":
  version: 0.1.0
  resolution: "map-stream@npm:0.1.0"
  checksum: 1e7687d5e5a058bc7b243c89c5d73336ccf901324246d221bdf520b1f0e9009d8e65c872a7018c178b9fe77a7afef1c8f1314a10e86d5228ba365d17abc71655
  languageName: node
  linkType: hard

"minimatch@npm:^3.0.4":
  version: 3.0.4
  resolution: "minimatch@npm:3.0.4"
  dependencies:
    brace-expansion: ^1.1.7
  checksum: c32249a40b1dbbb8d836495877d91874fcf6ce9c287409c41bcb3efe5ad67e21512a459a4ae3ce9b32e1df376c1cde14cbe9fe3ba17f703c2b253993577f4ccf
  languageName: node
  linkType: hard

"minimist@npm:0.0.8":
  version: 0.0.8
  resolution: "minimist@npm:0.0.8"
  checksum: 007f9b6af3b3eeb48eb7f8df6384e57daa112db8cae745f55539835e1900eab0242cca890cb4420e7361bcad397eba316b24317d995b1f452c1486cf6fb09934
  languageName: node
  linkType: hard

"minimist@npm:^1.2.0":
  version: 1.2.0
  resolution: "minimist@npm:1.2.0"
  checksum: 06755eb86c09cfff6a239cc3a0a21fac046f333952c508ffdba6b796511725467f930bb0e2cf070401b4287d3383ce29cedb28d1d4b53d569fabc209af8d8706
  languageName: node
  linkType: hard

"minipass@npm:^2.2.1, minipass@npm:^2.3.5":
  version: 2.4.0
  resolution: "minipass@npm:2.4.0"
  dependencies:
    safe-buffer: ^5.1.2
    yallist: ^3.0.0
  checksum: b0dde4f37fb41a09a66cc8eca8cc6096f0abdbb411908f790ea10965e8556e5e9827abccc76df7782bda1a1555e999cd0e1f0e7c1b319a91dfbecf07c6cc64c7
  languageName: node
  linkType: hard

"minizlib@npm:^1.2.1":
  version: 1.2.1
  resolution: "minizlib@npm:1.2.1"
  dependencies:
    minipass: ^2.2.1
  checksum: 305b5c8d2773cd6f9a78419a2eb3ac0c1872ea7bb799cf0edae634dfa9bab4bde5db559512ccdf90800c9efc79f950b73425b0f723fa6f210513f48a4e6a225f
  languageName: node
  linkType: hard

"mkdirp@npm:^0.5.0, mkdirp@npm:^0.5.1":
  version: 0.5.1
  resolution: "mkdirp@npm:0.5.1"
  dependencies:
    minimist: 0.0.8
  bin:
    mkdirp: bin/cmd.js
  checksum: ab0413777774b9c8255bce8e43b4e355bf329f7da0e3db007d6d370567cd82a858bd2aff028b7c5d39ff19bfd26b3c29d8e7ae706bd768a114ae95fbc9311b51
  languageName: node
  linkType: hard

"ms@npm:^2.1.1":
  version: 2.1.2
  resolution: "ms@npm:2.1.2"
  checksum: 2a3d955e5199024d4b18630ff47c21b52703a5e892615ae233486b8108f26b5493736009754263eebae765ab79d6e20327dad6e52d7843b689d404245e286549
  languageName: node
  linkType: hard

"needle@npm:^2.2.1":
  version: 2.4.0
  resolution: "needle@npm:2.4.0"
  dependencies:
    debug: ^3.2.6
    iconv-lite: ^0.4.4
    sax: ^1.2.4
  bin:
    needle: ./bin/needle
  checksum: 8de4863716a94f2b607783e0d1ea3b2a2fdf3ae1864d11082959dff231578f0ff2532b660f7a40459cdf021caacb4edd0902874c2958ef07aa0ff30a98487a6b
  languageName: node
  linkType: hard

"node-cleanup@npm:^2.1.2":
  version: 2.1.2
  resolution: "node-cleanup@npm:2.1.2"
  checksum: d5bd1823c2bec2dd40a888931f4eb12487c9dd33614880b10dfe8a6fd077b271e67ef105540b49f016b813a48d39676117b8a78f3c14f13b9947805752a98cc4
  languageName: node
  linkType: hard

"node-pre-gyp@npm:^0.13.0":
  version: 0.13.0
  resolution: "node-pre-gyp@npm:0.13.0"
  dependencies:
    detect-libc: ^1.0.2
    mkdirp: ^0.5.1
    needle: ^2.2.1
    nopt: ^4.0.1
    npm-packlist: ^1.1.6
    npmlog: ^4.0.2
    rc: ^1.2.7
    rimraf: ^2.6.1
    semver: ^5.3.0
    tar: ^4
  bin:
    node-pre-gyp: ./bin/node-pre-gyp
  checksum: a0a0da4242f43e786031fbc26d4d9edd79e1b5fa42b486d3c80b949b9870b93c6559b9f376c20fa79ba197c7b9ae830c792311a0b39dc3265adbe90d2e87e071
  languageName: node
  linkType: hard

"nopt@npm:^4.0.1":
  version: 4.0.1
  resolution: "nopt@npm:4.0.1"
  dependencies:
    abbrev: 1
    osenv: ^0.1.4
  bin:
    nopt: ./bin/nopt.js
  checksum: bc28896a27babb2edc8be76d77b2f10432da251bc86ad0ff5c03c2cd8ff10f1ecd5aba7f4b8db63cd8e0961362a573417a84dd60a7bd97c15b4099cbc10accb1
  languageName: node
  linkType: hard

"npm-bundled@npm:^1.0.1":
  version: 1.0.6
  resolution: "npm-bundled@npm:1.0.6"
  checksum: b78df9c3979deed4abe12fc055c961e7f4cbae57bb21adce5dc4c9e1720bb13a9c72eaaf8851b434de36843d9cdda17f874561434b3b84c05a9999edc7392850
  languageName: node
  linkType: hard

"npm-packlist@npm:^1.1.6":
  version: 1.4.4
  resolution: "npm-packlist@npm:1.4.4"
  dependencies:
    ignore-walk: ^3.0.1
    npm-bundled: ^1.0.1
  checksum: 0e6c741d4b08729b489fcd36e39654080cdf5e71701eb42df8baa7340b7ea72fbd5754ced65544dbe25659720350c4560aa7ebc9f51625d3bca92b7d3db3b584
  languageName: node
  linkType: hard

"npmlog@npm:^4.0.2":
  version: 4.1.2
  resolution: "npmlog@npm:4.1.2"
  dependencies:
    are-we-there-yet: ~1.1.2
    console-control-strings: ~1.1.0
    gauge: ~2.7.3
    set-blocking: ~2.0.0
  checksum: 94b5f0c2243471d13a66357c5afe382dbc7ed6f02a2da7674f9cb3dcab3d810240949c709b642560c48d894e535d34e70451e2cc1647953bb5d361e6d88a4c82
  languageName: node
  linkType: hard

"number-is-nan@npm:^1.0.0":
  version: 1.0.1
  resolution: "number-is-nan@npm:1.0.1"
  checksum: 57477f268f33135ab7765730d4411957f128765259b7281b403384d174ef45bb4d82421a74e8e233fa3913f1c0d9a8be1671f1b4d35947b6eb51e8ab7639a888
  languageName: node
  linkType: hard

"object-assign@npm:^4.1.0":
  version: 4.1.1
  resolution: "object-assign@npm:4.1.1"
  checksum: 8a281400d57a8880141ceb4335061b17e2d21405b2d5909e3fd71948d6b10f366c65d71a62aac27a0e45754a5e467bcc3f6ff78f26a929948d751b582b46d14e
  languageName: node
  linkType: hard

"once@npm:^1.3.0":
  version: 1.4.0
  resolution: "once@npm:1.4.0"
  dependencies:
    wrappy: 1
  checksum: 47a04404e9aa3a209a7e536b199780fe75aba04df0a035b221285f2f703d0ab58286ffb402ff7cb5a3b894d0e86685eb4fc2766ce7a19555c14221437f248c03
  languageName: node
  linkType: hard

"os-homedir@npm:^1.0.0":
  version: 1.0.2
  resolution: "os-homedir@npm:1.0.2"
  checksum: d9addcdab0f1c9b903510a8bac0a5caef246f186563c09b6b1dab643f19e875667913ffb29e8dc6d742c8ef6e8f422c00ca9f5d9e330f0bede64236e4d35168d
  languageName: node
  linkType: hard

"os-tmpdir@npm:^1.0.0":
  version: 1.0.2
  resolution: "os-tmpdir@npm:1.0.2"
  checksum: 755d9c21ad7e5155978247cbdab470427e035b507bb6cc9cc2730b027dce1e7f649f2044d81fa280ccdf9293c4f4e51b21bb9657d32893ff3d9f4bbff1522506
  languageName: node
  linkType: hard

"osenv@npm:^0.1.4":
  version: 0.1.5
  resolution: "osenv@npm:0.1.5"
  dependencies:
    os-homedir: ^1.0.0
    os-tmpdir: ^1.0.0
  checksum: 87f8cd7bb82e0366e70c9f6df550eaf2788e80339bc1def027c25ac5db1f0c456716e39e63a04d721c660d69ca1b4dc9e83532a52ede13082fa7d393d7895367
  languageName: node
  linkType: hard

"p-limit@npm:^2.0.0":
  version: 2.2.1
  resolution: "p-limit@npm:2.2.1"
  dependencies:
    p-try: ^2.0.0
  checksum: e5260c9fc533cda82a7ec2b63d64dc56bdc2c236f494972e2b62f4aee1e932a08d2ddf9a7672abe8fa355edab1dc22cd369cc485dd4695163a0296078b994f8a
  languageName: node
  linkType: hard

"p-locate@npm:^3.0.0":
  version: 3.0.0
  resolution: "p-locate@npm:3.0.0"
  dependencies:
    p-limit: ^2.0.0
  checksum: 79303104cac5fad06fc1c30057e1cf14c805180cf82be6efb8b15942079bd3cddb5768ab14b1f19a13be28c1a8491f6a7cd4335f3993078dec4b6aa0888dc7a6
  languageName: node
  linkType: hard

"p-try@npm:^2.0.0":
  version: 2.2.0
  resolution: "p-try@npm:2.2.0"
  checksum: e7dceba546bcab1c72a4c1c8af45c7017e93dcafc4bdd9bd7e78d3b155a7e74cd0ec5277f2039cbc0d538050de1cfa52e8a157a3a741c0a6de870e0f5b03da33
  languageName: node
  linkType: hard

"path-exists@npm:^3.0.0":
  version: 3.0.0
  resolution: "path-exists@npm:3.0.0"
  checksum: b04837ffc484dbe6edde02ee4e00daa4dbc01eaa7da7aae23b643021072a519fa99b3acd225936934f27455abef5b139974f0813ce6b293821f79aaefa5babbb
  languageName: node
  linkType: hard

"path-is-absolute@npm:^1.0.0":
  version: 1.0.1
  resolution: "path-is-absolute@npm:1.0.1"
  checksum: 0e197d7cfa28209bce077b65646e21beb9a9980cc2b57efa4a4bf3b3331ec003f823bfec0948326264a2cbc57645a666cf911eb5d949d627d9e788280cccaa07
  languageName: node
  linkType: hard

"path-parse@npm:^1.0.6":
  version: 1.0.6
  resolution: "path-parse@npm:1.0.6"
  checksum: 02894a9a2dd29ba61ce0f79c0cbb230869d16e3129eea46ee1195d6bed370806f254a51f494ad51d5bab4e494ea0a9040819923bec3be586b1f9004a70c65a3a
  languageName: node
  linkType: hard

"pause-stream@npm:0.0.11":
  version: 0.0.11
  resolution: "pause-stream@npm:0.0.11"
  dependencies:
    through: ~2.3
  checksum: 116af03c5b0e5915ef0176a5eb1ee40a8c5d2b239bf3e4893834083548c8505bdd1c352bdb408e9518aa8b276544bac9154f473bbcb9fadb87ad1a69fe85a75b
  languageName: node
  linkType: hard

"process-nextick-args@npm:~2.0.0":
  version: 2.0.1
  resolution: "process-nextick-args@npm:2.0.1"
  checksum: 377ec5e917f1d61dbdf7dec109cb673ff6935b15735b11248f2078e56af14b1e735b6f0397e41813ab5fa1fa506d1ab161991f0737ddec98b6412e75b83c0806
  languageName: node
  linkType: hard

"ps-tree@npm:^1.2.0":
  version: 1.2.0
  resolution: "ps-tree@npm:1.2.0"
  dependencies:
    event-stream: =3.3.4
  bin:
    ps-tree: ./bin/ps-tree.js
  checksum: 64fd9fb7127de47961b1abebcfa5be818e662023525f37ba91fc50f6a5cf911580562c4efff4b55c306bb62dc976fa7a743c9c777dedd61e2352028073c4b692
  languageName: node
  linkType: hard

"pseudomap@npm:^1.0.2":
  version: 1.0.2
  resolution: "pseudomap@npm:1.0.2"
  checksum: 65f6a2ddc864845d10e93a3425579e9b6c420f30640c895404832afc79e327066c5bfda9e82f3a08945e9158195137ae5bee79edcc18f241aa7e79fcf97bc9ea
  languageName: node
  linkType: hard

"rc@npm:^1.2.7":
  version: 1.2.8
  resolution: "rc@npm:1.2.8"
  dependencies:
    deep-extend: ^0.6.0
    ini: ~1.3.0
    minimist: ^1.2.0
    strip-json-comments: ~2.0.1
  bin:
    rc: ./cli.js
  checksum: 622cc77b4aac7485132e5b60875e59a9c227396a41714b0d9a141c0439daed9e5e6fc985a8761c513e650660136d2e24321fddd72cb2b7886cb930958374b718
  languageName: node
  linkType: hard

"readable-stream@npm:^2.0.6":
  version: 2.3.6
  resolution: "readable-stream@npm:2.3.6"
  dependencies:
    core-util-is: ~1.0.0
    inherits: ~2.0.3
    isarray: ~1.0.0
    process-nextick-args: ~2.0.0
    safe-buffer: ~5.1.1
    string_decoder: ~1.1.1
    util-deprecate: ~1.0.1
  checksum: 467e806a373a91bc20b57c9ac78ad2662d68cd3f8ae823d639ccbda6e37c7c9225b57e3f0fec43a5e195418dc70049a021ef5b536748a360e8d15346492f161b
  languageName: node
  linkType: hard

"require-directory@npm:^2.1.1":
  version: 2.1.1
  resolution: "require-directory@npm:2.1.1"
  checksum: 7af7d1bd006a28164bdc6f774be413700bdbd817c9c96857fe6018f8ae804b8faef040ca77dfba9606d08b5ef1c623516aaa677d43c754a2810a3a83deef9ee7
  languageName: node
  linkType: hard

"require-main-filename@npm:^2.0.0":
  version: 2.0.0
  resolution: "require-main-filename@npm:2.0.0"
  checksum: 6c4488028860b4769145fdb61eaa2a666cd65da1d8bb38bed7eced5a0a6da44f16d3324a0fe17b444cb3832201d0f08186d4e5b7f568b836124287356b19068a
  languageName: node
  linkType: hard

resolve@^1.3.2:
  version: 1.14.1
  resolution: "resolve@npm:1.14.1"
  dependencies:
    path-parse: ^1.0.6
  checksum: 81926f725a18003bfc62ad9d2ba7285512f0120ae687d7803c0c8286c86f2776346cc216e96ebd67929513250cf1c0d72e7a5481d78bf59ba98d9e8adc6cccd1
  languageName: node
  linkType: hard

"resolve@patch:resolve@^1.3.2#builtin<compat/resolve>":
  version: 1.14.1
  resolution: "resolve@patch:resolve@npm%3A1.14.1#builtin<compat/resolve>::version=1.14.1&hash=8fccd0"
  dependencies:
    path-parse: ^1.0.6
  checksum: 4a072e4a66551589c21271646554b000200518071e04f6ae1070a3a4b39010f1e8a75b54b8d07a9946812fd41ed16d64615c304d8c1cb8e663e1f41a6e8f7116
  languageName: node
  linkType: hard

"rimraf@npm:^2.6.1":
  version: 2.7.1
  resolution: "rimraf@npm:2.7.1"
  dependencies:
    glob: ^7.1.3
  bin:
    rimraf: ./bin.js
  checksum: 580678159cca56caf1a5600414716c66ffae68e2c8e31991080f304cf19a3c6b84983cd11405da22bd8b508dd60d492d573bb4e76b7ac8c080cf03f54fcb529e
  languageName: node
  linkType: hard

"safe-buffer@npm:^5.0.1, safe-buffer@npm:^5.1.2":
  version: 5.2.0
  resolution: "safe-buffer@npm:5.2.0"
  checksum: 4577ff3526b671703fa907756021c0cf1360d664c7a4b2db07fedaf3a63df00f6638a16aa8d43d56658e73bd56eab432767b5b2ae3d138e77b875f77529338f3
  languageName: node
  linkType: hard

"safe-buffer@npm:~5.1.0, safe-buffer@npm:~5.1.1":
  version: 5.1.2
  resolution: "safe-buffer@npm:5.1.2"
  checksum: 55f6e9116b875a5459a13fd1949d90ed6932f1c6fef70460896abcdf666852cb2119a12435ebbe823416ec49bc3fa5716ff2cc0dd36b9512631148e5113c145e
  languageName: node
  linkType: hard

"safer-buffer@npm:>= 2.1.2 < 3":
  version: 2.1.2
  resolution: "safer-buffer@npm:2.1.2"
  checksum: cfd3f4d7dc37db071c3b36c8e4315e3912e70f1a44c87936cafb6b3b15af362893ca02da703398fbbc299c1599fa49fca9ddda41ffd347adda417f988848dcf2
  languageName: node
  linkType: hard

"sax@npm:^1.2.4":
  version: 1.2.4
  resolution: "sax@npm:1.2.4"
  checksum: ca31df9cef3645a5a1d39ba2c946287261ef028bc89c06823685c700117bc60d7f02f01786d9f8566fb8620ce0f2d68263a8ae024104d2077c7489ce4b5fec26
  languageName: node
  linkType: hard

"semver@npm:^5.3.0, semver@npm:^5.6.0":
  version: 5.7.1
  resolution: "semver@npm:5.7.1"
  bin:
    semver: ./bin/semver
  checksum: dce4680e58a60e12fd7ec1f274635267206e466eaca54e3238f7c49baf33ba07aae8fe8f002a0cf6ec3e8c6f1ccbf158e8f59acc89c1777063e93eb239fe8b76
  languageName: node
  linkType: hard

"set-blocking@npm:^2.0.0, set-blocking@npm:~2.0.0":
  version: 2.0.0
  resolution: "set-blocking@npm:2.0.0"
  checksum: f8215d87051e3ace26fef38cefcaed923a20de15bda373ddcc6d1e8cc9f32d27aade1824847e2a4188261005f20fba05485b76f6e1b39d9d099ad1a50e677181
  languageName: node
  linkType: hard

"shebang-command@npm:^1.2.0":
  version: 1.2.0
  resolution: "shebang-command@npm:1.2.0"
  dependencies:
    shebang-regex: ^1.0.0
  checksum: 3d830f3ad0c796f671ad3a8a0ed9ac75a52b21a2f0cfc1e0675fb4d0530e332b10a3b0171f63ef6a2efa14dd7f92a3d03c49927afc9b3529830628671fade78a
  languageName: node
  linkType: hard

"shebang-regex@npm:^1.0.0":
  version: 1.0.0
  resolution: "shebang-regex@npm:1.0.0"
  checksum: fba9381f369e3e5e30e4e1353164243575a82f9b4b0010fc43dab33e7341d86032f9fdc6aa2d122f0737fce69a3c6544c295d9787aa4d522bc24ac1fcaac69d6
  languageName: node
  linkType: hard

"signal-exit@npm:^3.0.0":
  version: 3.0.2
  resolution: "signal-exit@npm:3.0.2"
  checksum: b3d9a5567188a680bdb67fb996c2ffe49dfb1db5295d4e55e34ce77ca8e7a9f3f81672b71279fed5dcb2057afd133a5a7d5bd4de4652a8714c668460900f183c
  languageName: node
  linkType: hard

"split@npm:0.3":
  version: 0.3.3
  resolution: "split@npm:0.3.3"
  dependencies:
    through: 2
  checksum: a1da2f80ff9e2e6f6fb948144d3555ad9f766a706c990cf8386bb4376126e4706a74b025af5490e9212cf62359630bf3a7cdd503309611d972b3a11746068d9f
  languageName: node
  linkType: hard

"sprintf-js@npm:~1.0.2":
  version: 1.0.3
  resolution: "sprintf-js@npm:1.0.3"
  checksum: 17cbfc6bf2a82ae6548e3b0b4d3d65b09961cde328feb978b823b22da8a9243477ef3ffe96b64e56d3b333d49aaad0feb55580e27c78a40bc092caf139ff048e
  languageName: node
  linkType: hard

"stream-combiner@npm:~0.0.4":
  version: 0.0.4
  resolution: "stream-combiner@npm:0.0.4"
  dependencies:
    duplexer: ~0.1.1
  checksum: c02bbd866e089c951286715f45e1d65730614a4814ad4a62e17c6273a49bb1acce19d28615021072a0f168cf6f5f279581f9e5f4d098b99560b2ecd9fda9fdee
  languageName: node
  linkType: hard

"string-argv@npm:^0.1.1":
  version: 0.1.2
  resolution: "string-argv@npm:0.1.2"
  checksum: 99e404c77dc096933213fda607fb58dc97323de969dad5954dcff88914f2a3777cde1b9686c745f5e567e02c03d08d673b35572ef8e85b411f6c39b2b409a776
  languageName: node
  linkType: hard

"string-width@npm:^1.0.1":
  version: 1.0.2
  resolution: "string-width@npm:1.0.2"
  dependencies:
    code-point-at: ^1.0.0
    is-fullwidth-code-point: ^1.0.0
    strip-ansi: ^3.0.0
  checksum: 8acab10b985f1a207f8a6b4689502ea3c9c96e2908774d662169aa8c4bd831f77bf41176fbb86d3d0df5dc997106774e37550e8da878ce6fd8445102afec88bf
  languageName: node
  linkType: hard

"string-width@npm:^1.0.2 || 2":
  version: 2.1.1
  resolution: "string-width@npm:2.1.1"
  dependencies:
    is-fullwidth-code-point: ^2.0.0
    strip-ansi: ^4.0.0
  checksum: 0c8d175d8414245688a2ea59bdd600760c7efdaf99571708ce9171a82d3da8bfd2056fb4cd1aca40e6d9854945270a501fedff59fcd1aabaef2eefcdfea1d9ce
  languageName: node
  linkType: hard

"string-width@npm:^3.0.0, string-width@npm:^3.1.0":
  version: 3.1.0
  resolution: "string-width@npm:3.1.0"
  dependencies:
    emoji-regex: ^7.0.1
    is-fullwidth-code-point: ^2.0.0
    strip-ansi: ^5.1.0
  checksum: c280f89bae289bd686f095e71c9ecbc97eef2dfacc973c7ed3ce094f51ff44db38cbb0794435e5cfab09c5a395cb21c9422d0c9ce7f07ad12ed61d886f325b02
  languageName: node
  linkType: hard

"string_decoder@npm:~1.1.1":
  version: 1.1.1
  resolution: "string_decoder@npm:1.1.1"
  dependencies:
    safe-buffer: ~5.1.0
  checksum: 99ca1c4880b1098df6d25f59771f2ef2f1ca13ab6a239b050809d78501f5b8e1d00dcf85dc6153678784b13e990f5b1c634eead820114e32b342e40c1fe91713
  languageName: node
  linkType: hard

"strip-ansi@npm:^3.0.0, strip-ansi@npm:^3.0.1":
  version: 3.0.1
  resolution: "strip-ansi@npm:3.0.1"
  dependencies:
    ansi-regex: ^2.0.0
  checksum: 2919e07ae8a9634c111913cc20c6c619109c754108b8d8777ecc92ff999ca1adc84b32a51efd6e6a19168de38b06359d3b31fd1906d905731f3065cc2f9de5d7
  languageName: node
  linkType: hard

"strip-ansi@npm:^4.0.0":
  version: 4.0.0
  resolution: "strip-ansi@npm:4.0.0"
  dependencies:
    ansi-regex: ^3.0.0
  checksum: 65d6d40d63adccbf03deeb2919a303ea571933ce3dc463087745da3f5a7c14caa30a2776c3ea2b941c220abf7d4acd8e9922fd4335d5988508ddadbf1aa9d94a
  languageName: node
  linkType: hard

"strip-ansi@npm:^5.0.0, strip-ansi@npm:^5.1.0, strip-ansi@npm:^5.2.0":
  version: 5.2.0
  resolution: "strip-ansi@npm:5.2.0"
  dependencies:
    ansi-regex: ^4.1.0
  checksum: 3c00f49debb52a94a878e3d585a3f166d76f27fb415e3bcc1d5257f4694dc418ddec4b15f9fb4122cce095f836d1d7b23e3dc4b5b4fa0a4a2d9a34f370fbf4f7
  languageName: node
  linkType: hard

"strip-json-comments@npm:~2.0.1":
  version: 2.0.1
  resolution: "strip-json-comments@npm:2.0.1"
  checksum: 8d41b14dfd5d71e1ed9b4846291e709cd773f73d4ea6458e096d65c14af43c12b90808934373fedde19f3ecb78057d29430665069af7f3c4e10343f2de956b74
  languageName: node
  linkType: hard

"supports-color@npm:^5.3.0":
  version: 5.5.0
  resolution: "supports-color@npm:5.5.0"
  dependencies:
    has-flag: ^3.0.0
  checksum: a67b9f6071d9b1aa9f7744292580af0ad2210e379534f7e2ab31d3248de5efc8a3555655827bf524f18043f6301061fbe59e13d2e8a9bc11cde4ec885ad3d86c
  languageName: node
  linkType: hard

"tar@npm:^4":
  version: 4.4.10
  resolution: "tar@npm:4.4.10"
  dependencies:
    chownr: ^1.1.1
    fs-minipass: ^1.2.5
    minipass: ^2.3.5
    minizlib: ^1.2.1
    mkdirp: ^0.5.0
    safe-buffer: ^5.1.2
    yallist: ^3.0.3
  checksum: 61474108615bb547f9df35bb78887773e359725250338cd15e305a4a7bb3a7374874d23051a62844fd8585a7fa9db37c6c64baf4758d83a2270a821bb6ed2429
  languageName: node
  linkType: hard

"through@npm:2, through@npm:~2.3, through@npm:~2.3.1":
  version: 2.3.8
  resolution: "through@npm:2.3.8"
  checksum: ab0e84b0ad6587f12411f1d205728beb362f5586f20b3f6208ea3b076f942f78777ec01b92a6ea2cfa743f997c791d2991400c237f516d35967cf19926e241cb
  languageName: node
  linkType: hard

"tsc-watch@npm:^4.0.0":
  version: 4.0.0
  resolution: "tsc-watch@npm:4.0.0"
  dependencies:
    cross-spawn: ^5.1.0
    node-cleanup: ^2.1.2
    ps-tree: ^1.2.0
    string-argv: ^0.1.1
    strip-ansi: ^4.0.0
  peerDependencies:
    typescript: "*"
  bin:
    tsc-watch: ./index.js
  checksum: 08242fcac9bb9f1996205605acddea15284dff990c83f4829c7182b5dcb8ed83655459fc78f486a2fca2609370b5bd4945e8bb673dfc0fcdc2dbcca74cdd399f
  languageName: node
  linkType: hard

"tslib@npm:^1.8.0, tslib@npm:^1.8.1":
  version: 1.10.0
  resolution: "tslib@npm:1.10.0"
  checksum: 626387669b38797372530d84df93dafcc0eca2b3bad31b109c7308b2e8d9c4ed0ba94113eb08a6946aa1fbee3b619fb69dd81f8681654bbc806cf8f208caeb47
  languageName: node
  linkType: hard

"tslint@npm:^5.20.1":
  version: 5.20.1
  resolution: "tslint@npm:5.20.1"
  dependencies:
    "@babel/code-frame": ^7.0.0
    builtin-modules: ^1.1.1
    chalk: ^2.3.0
    commander: ^2.12.1
    diff: ^4.0.1
    glob: ^7.1.1
    js-yaml: ^3.13.1
    minimatch: ^3.0.4
    mkdirp: ^0.5.1
    resolve: ^1.3.2
    semver: ^5.3.0
    tslib: ^1.8.0
    tsutils: ^2.29.0
  peerDependencies:
    typescript: ">=2.3.0-dev || >=2.4.0-dev || >=2.5.0-dev || >=2.6.0-dev || >=2.7.0-dev || >=2.8.0-dev || >=2.9.0-dev || >=3.0.0-dev || >= 3.1.0-dev || >= 3.2.0-dev"
  bin:
    tslint: ./bin/tslint
  checksum: 19b8ea14c82057d4d08cbc41dafc1403472435479d8395df7a62760b1d41f5b9c7890cd9d67a5845082e83ed057f7e9d3740a3ea4dff735d38ade1ffa6fa5a65
  languageName: node
  linkType: hard

"tsutils@npm:^2.29.0":
  version: 2.29.0
  resolution: "tsutils@npm:2.29.0"
  dependencies:
    tslib: ^1.8.1
  peerDependencies:
    typescript: ">=2.1.0 || >=2.1.0-dev || >=2.2.0-dev || >=2.3.0-dev || >=2.4.0-dev || >=2.5.0-dev || >=2.6.0-dev || >=2.7.0-dev || >=2.8.0-dev || >=2.9.0-dev || >= 3.0.0-dev || >= 3.1.0-dev"
  checksum: 28ac3036571db7885851cc695dfa211098e3842b20513c1939ffb663850c0ac17c93f4f83aa5f57997c0430c7f554caee7b06bf1eb53f9c54162676ccb4c5c37
  languageName: node
  linkType: hard

typescript@^3.6.4:
  version: 3.6.4
  resolution: "typescript@npm:3.6.4"
  bin:
    tsc: ./bin/tsc
    tsserver: ./bin/tsserver
  checksum: 261beb88a53ac4b97eb66a2cce8be15edf7720b1661ad9d0223e0a3db06697a506c8941882ac49c577ec2e56ce596c71c268644f3ef9009df15baa4a66c3ccf0
  languageName: node
  linkType: hard

"typescript@patch:typescript@^3.6.4#builtin<compat/typescript>":
  version: 3.6.4
  resolution: "typescript@patch:typescript@npm%3A3.6.4#builtin<compat/typescript>::version=3.6.4&hash=226bd1"
  bin:
    tsc: ./bin/tsc
    tsserver: ./bin/tsserver
  checksum: 4dd0f2872f30cd4069bb60a3db217578f516b182345e274c80629807b573ea34653b1141250ba07d3d6eaaa4a4508cd0878997cbd8ff2b4274066c719f838f38
  languageName: node
  linkType: hard

"util-deprecate@npm:~1.0.1":
  version: 1.0.2
  resolution: "util-deprecate@npm:1.0.2"
  checksum: 7bd691844e8e12f228777c3c718efaee35284c4422cf215f394fc2b56b5bbc8fef979fc1ab086e66f195227941270d7267c8105e871617f27fa292ec9fa83933
  languageName: node
  linkType: hard

"which-module@npm:^2.0.0":
  version: 2.0.0
  resolution: "which-module@npm:2.0.0"
  checksum: 1f90d98b64a16da8cc614ae7373df97973ded10ae3b0ef3fe6e9a836f6a46dad77d99b6148791fd4191d45a42a7481fc952414650a896494d2d04448e568e905
  languageName: node
  linkType: hard

"which@npm:^1.2.9":
  version: 1.3.1
  resolution: "which@npm:1.3.1"
  dependencies:
    isexe: ^2.0.0
  bin:
    which: ./bin/which
  checksum: 8c639095289e694cbce93f17662e56f740ceafb8d73cdccf0d2b2968df0e8b9c8ddf16f44711d1d5a5efe4d2091cb3ca06d1afa2db359df48588a71a4b60d0c6
  languageName: node
  linkType: hard

"wide-align@npm:^1.1.0":
  version: 1.1.3
  resolution: "wide-align@npm:1.1.3"
  dependencies:
    string-width: ^1.0.2 || 2
  checksum: 9b707815701d80647cdd92acc907e1d386f387b404c63427a116ae8a9b478daa7561d271226e665b7a39d88274c1abfefa63bedd8776b7b4eb958184b3a2df9d
  languageName: node
  linkType: hard

"wrap-ansi@npm:^5.1.0":
  version: 5.1.0
  resolution: "wrap-ansi@npm:5.1.0"
  dependencies:
    ansi-styles: ^3.2.0
    string-width: ^3.0.0
    strip-ansi: ^5.0.0
  checksum: a0065345184fa1eee0f846fb682d46ee38ffa3c24affe38e76cb30efa6b2684b8278ce010934966cbe044f2e332ee4d68c296bf64bd1060660a46f609ed6fa67
  languageName: node
  linkType: hard

"wrappy@npm:1":
  version: 1.0.2
  resolution: "wrappy@npm:1.0.2"
  checksum: 0796da084f06bced2351fed9686a7211f4a4b774a7a3b64c7ead1b3bef162b1721f2a1d3fb1268bf2e848c9d743eca189c2a243159a1512d5dfab4b0d4dd60b5
  languageName: node
  linkType: hard

"ws@npm:^7.2.0":
  version: 7.2.0
  resolution: "ws@npm:7.2.0"
  dependencies:
    async-limiter: ^1.0.0
  checksum: 23e39f826ed4469b469377757f83c1dd72d3af0a13e3608bebbca6d1aa9e037efb77402a66451b8f582a850145e6139d7459a21b4fa4a5a6eadfcdc4099def43
  languageName: node
  linkType: hard

"y18n@npm:^4.0.0":
  version: 4.0.0
  resolution: "y18n@npm:4.0.0"
  checksum: f3fcafde11e668d66a061d4cdb49243a2cac83012193666941728d6e8002e2022c22c3ac318123b2ff84d8c99ff4c0b0764e2ac6dfd8c8df3488305724387f78
  languageName: node
  linkType: hard

"yallist@npm:^2.1.2":
  version: 2.1.2
  resolution: "yallist@npm:2.1.2"
  checksum: 50828b467fad2581ff97c1c49ecb0d605bca40e3dfa95c0fabff8a2bbff470df6f3a9a27beecbfa2f370db4c9f8c1a622ed0472394d248e54a0646181cccae0d
  languageName: node
  linkType: hard

"yallist@npm:^3.0.0, yallist@npm:^3.0.3":
  version: 3.0.3
  resolution: "yallist@npm:3.0.3"
  checksum: c11ec61cf939da563c8c0736487b5b3304b72953926b32a2af44cb049296a8bf368e9fc3e8ebe00b4a88f4a0a566441092bcaa0e0110373e74287761312c346e
  languageName: node
  linkType: hard

"yargs-parser@npm:^15.0.0":
  version: 15.0.0
  resolution: "yargs-parser@npm:15.0.0"
  dependencies:
    camelcase: ^5.0.0
    decamelize: ^1.2.0
  checksum: b7bdb4fb8eb9d0fad017a1857dd549d5f63918cca929dbd00558ee5bfa20d16e7830f26ec3f901232ca6d1f910cc31f1ebfebd629f14bf730346630b67591363
  languageName: node
  linkType: hard

"yargs@npm:^14.2.0":
  version: 14.2.0
  resolution: "yargs@npm:14.2.0"
  dependencies:
    cliui: ^5.0.0
    decamelize: ^1.2.0
    find-up: ^3.0.0
    get-caller-file: ^2.0.1
    require-directory: ^2.1.1
    require-main-filename: ^2.0.0
    set-blocking: ^2.0.0
    string-width: ^3.0.0
    which-module: ^2.0.0
    y18n: ^4.0.0
    yargs-parser: ^15.0.0
  checksum: dde701d8d880b6706b446e49fce76a52e719ef745018ce57e63d3ce4c3a16d88494220e45782160e06ec2741221198614276d32d91d5641a613519e41e112bd6
  languageName: node
  linkType: hard
